
Microsoft Visual Studio Solution File, Format Version 12.00
# Visual Studio Version 16
VisualStudioVersion = 16.0.29728.190
MinimumVisualStudioVersion = 10.0.40219.1
Project("{FAE04EC0-301F-11D3-BF4B-00C04F79EFBC}") = "XirYzaidimas", "XirYzaidimas\XirYzaidimas.csproj", "{43114BCF-939F-4602-8D7F-B7CD51195C16}"
EndProject
Project("{FAE04EC0-301F-11D3-BF4B-00C04F79EFBC}") = "Xir0Checker.UnitTests", "Xir0Checker.UnitTests\Xir0Checker.UnitTests.csproj", "{15C3BABF-E819-471B-A35C-006158E53D60}"
EndProject
Global
	GlobalSection(SolutionConfigurationPlatforms) = preSolution
		Debug|Any CPU = Debug|Any CPU
		Release|Any CPU = Release|Any CPU
	EndGlobalSection
	GlobalSection(ProjectConfigurationPlatforms) = postSolution
		{43114BCF-939F-4602-8D7F-B7CD51195C16}.Debug|Any CPU.ActiveCfg = Debug|Any CPU
		{43114BCF-939F-4602-8D7F-B7CD51195C16}.Debug|Any CPU.Build.0 = Debug|Any CPU
		{43114BCF-939F-4602-8D7F-B7CD51195C16}.Release|Any CPU.ActiveCfg = Release|Any CPU
		{43114BCF-939F-4602-8D7F-B7CD51195C16}.Release|Any CPU.Build.0 = Release|Any CPU
		{15C3BABF-E819-471B-A35C-006158E53D60}.Debug|Any CPU.ActiveCfg = Debug|Any CPU
		{15C3BABF-E819-471B-A35C-006158E53D60}.Debug|Any CPU.Build.0 = Debug|Any CPU
		{15C3BABF-E819-471B-A35C-006158E53D60}.Release|Any CPU.ActiveCfg = Release|Any CPU
		{15C3BABF-E819-471B-A35C-006158E53D60}.Release|Any CPU.Build.0 = Release|Any CPU
	EndGlobalSection
	GlobalSection(SolutionProperties) = preSolution
		HideSolutionNode = FALSE
	EndGlobalSection
	GlobalSection(ExtensibilityGlobals) = postSolution
		SolutionGuid = {E66C6440-310F-49AF-83EA-DB56B2C1C8C5}
	EndGlobalSection
EndGlobal
